// !$*UTF8*$!
{
	archiveVersion = 1;
	classes = {
	};
	objectVersion = 56;
	objects = {

/* Begin PBXBuildFile section */
		B522EA932A4A2E62009F3110 /* ConfigsSettings.swift in Sources */ = {isa = PBXBuildFile; fileRef = B522EA922A4A2E62009F3110 /* ConfigsSettings.swift */; };
		B522EA952A4B2697009F3110 /* SYMScript.swift in Sources */ = {isa = PBXBuildFile; fileRef = B522EA942A4B2697009F3110 /* SYMScript.swift */; };
		B54D66972A60016600998963 /* ClassicAPI.swift in Sources */ = {isa = PBXBuildFile; fileRef = B54D66962A60016600998963 /* ClassicAPI.swift */; };
		B568542D2A0004940004630D /* SettingsVC.swift in Sources */ = {isa = PBXBuildFile; fileRef = B568542C2A0004940004630D /* SettingsVC.swift */; };
		B57069DB29D891950004C848 /* OtherItemVC.swift in Sources */ = {isa = PBXBuildFile; fileRef = B57069DA29D891950004C848 /* OtherItemVC.swift */; };
		B59888F22A90F23B0031E72F /* LoginVC.swift in Sources */ = {isa = PBXBuildFile; fileRef = B59888F12A90F23B0031E72F /* LoginVC.swift */; };
		B5BBDBA129A168490040FD71 /* AppDelegate.swift in Sources */ = {isa = PBXBuildFile; fileRef = B5BBDBA029A168490040FD71 /* AppDelegate.swift */; };
		B5BBDBA329A168490040FD71 /* ViewController.swift in Sources */ = {isa = PBXBuildFile; fileRef = B5BBDBA229A168490040FD71 /* ViewController.swift */; };
		B5BBDBA529A1684C0040FD71 /* Assets.xcassets in Resources */ = {isa = PBXBuildFile; fileRef = B5BBDBA429A1684C0040FD71 /* Assets.xcassets */; };
		B5BBDBA829A1684C0040FD71 /* Main.storyboard in Resources */ = {isa = PBXBuildFile; fileRef = B5BBDBA629A1684C0040FD71 /* Main.storyboard */; };
		B5BBDBB029A171570040FD71 /* WriteToLog.swift in Sources */ = {isa = PBXBuildFile; fileRef = B5BBDBAF29A171570040FD71 /* WriteToLog.swift */; };
		B5BBDBB429A1719D0040FD71 /* Credentials.swift in Sources */ = {isa = PBXBuildFile; fileRef = B5BBDBB329A1719D0040FD71 /* Credentials.swift */; };
		B5BBDBB629A171BC0040FD71 /* Globals.swift in Sources */ = {isa = PBXBuildFile; fileRef = B5BBDBB529A171BC0040FD71 /* Globals.swift */; };
		B5BBDBB829A1758C0040FD71 /* TokenDelegate.swift in Sources */ = {isa = PBXBuildFile; fileRef = B5BBDBB729A1758C0040FD71 /* TokenDelegate.swift */; };
		B5BBDBBA29A177040040FD71 /* Alert.swift in Sources */ = {isa = PBXBuildFile; fileRef = B5BBDBB929A177040040FD71 /* Alert.swift */; };
		B5EFF0522AC05A560013A849 /* KbPopoverVC.swift in Sources */ = {isa = PBXBuildFile; fileRef = B5EFF0512AC05A560013A849 /* KbPopoverVC.swift */; };
		CE948EBF2A2C9BCA00C889B6 /* NewConfigVC.swift in Sources */ = {isa = PBXBuildFile; fileRef = CE948EBE2A2C9BCA00C889B6 /* NewConfigVC.swift */; };
		CE948EC12A2C9C4500C889B6 /* CloneConfigVC.swift in Sources */ = {isa = PBXBuildFile; fileRef = CE948EC02A2C9C4500C889B6 /* CloneConfigVC.swift */; };
/* End PBXBuildFile section */

/* Begin PBXFileReference section */
		B522EA922A4A2E62009F3110 /* ConfigsSettings.swift */ = {isa = PBXFileReference; lastKnownFileType = sourcecode.swift; path = ConfigsSettings.swift; sourceTree = "<group>"; };
		B522EA942A4B2697009F3110 /* SYMScript.swift */ = {isa = PBXFileReference; lastKnownFileType = sourcecode.swift; path = SYMScript.swift; sourceTree = "<group>"; };
		B54D66962A60016600998963 /* ClassicAPI.swift */ = {isa = PBXFileReference; fileEncoding = 4; lastKnownFileType = sourcecode.swift; path = ClassicAPI.swift; sourceTree = "<group>"; };
		B568542C2A0004940004630D /* SettingsVC.swift */ = {isa = PBXFileReference; fileEncoding = 4; lastKnownFileType = sourcecode.swift; path = SettingsVC.swift; sourceTree = "<group>"; };
		B57069DA29D891950004C848 /* OtherItemVC.swift */ = {isa = PBXFileReference; lastKnownFileType = sourcecode.swift; path = OtherItemVC.swift; sourceTree = "<group>"; };
		B59888F12A90F23B0031E72F /* LoginVC.swift */ = {isa = PBXFileReference; fileEncoding = 4; lastKnownFileType = sourcecode.swift; path = LoginVC.swift; sourceTree = "<group>"; };
		B5BBDB9D29A168490040FD71 /* SYM-Helper.app */ = {isa = PBXFileReference; explicitFileType = wrapper.application; includeInIndex = 0; path = "SYM-Helper.app"; sourceTree = BUILT_PRODUCTS_DIR; };
		B5BBDBA029A168490040FD71 /* AppDelegate.swift */ = {isa = PBXFileReference; lastKnownFileType = sourcecode.swift; path = AppDelegate.swift; sourceTree = "<group>"; };
		B5BBDBA229A168490040FD71 /* ViewController.swift */ = {isa = PBXFileReference; lastKnownFileType = sourcecode.swift; path = ViewController.swift; sourceTree = "<group>"; };
		B5BBDBA429A1684C0040FD71 /* Assets.xcassets */ = {isa = PBXFileReference; lastKnownFileType = folder.assetcatalog; path = Assets.xcassets; sourceTree = "<group>"; };
		B5BBDBA729A1684C0040FD71 /* Base */ = {isa = PBXFileReference; lastKnownFileType = file.storyboard; name = Base; path = Base.lproj/Main.storyboard; sourceTree = "<group>"; };
		B5BBDBA929A1684C0040FD71 /* SYM_Helper.entitlements */ = {isa = PBXFileReference; lastKnownFileType = text.plist.entitlements; path = SYM_Helper.entitlements; sourceTree = "<group>"; };
		B5BBDBAF29A171570040FD71 /* WriteToLog.swift */ = {isa = PBXFileReference; fileEncoding = 4; lastKnownFileType = sourcecode.swift; path = WriteToLog.swift; sourceTree = "<group>"; };
		B5BBDBB329A1719D0040FD71 /* Credentials.swift */ = {isa = PBXFileReference; fileEncoding = 4; lastKnownFileType = sourcecode.swift; path = Credentials.swift; sourceTree = "<group>"; };
		B5BBDBB529A171BC0040FD71 /* Globals.swift */ = {isa = PBXFileReference; fileEncoding = 4; lastKnownFileType = sourcecode.swift; path = Globals.swift; sourceTree = "<group>"; };
		B5BBDBB729A1758C0040FD71 /* TokenDelegate.swift */ = {isa = PBXFileReference; fileEncoding = 4; lastKnownFileType = sourcecode.swift; path = TokenDelegate.swift; sourceTree = "<group>"; };
		B5BBDBB929A177040040FD71 /* Alert.swift */ = {isa = PBXFileReference; fileEncoding = 4; lastKnownFileType = sourcecode.swift; path = Alert.swift; sourceTree = "<group>"; };
		B5BBDBBC29A4380D0040FD71 /* Notes */ = {isa = PBXFileReference; lastKnownFileType = text; path = Notes; sourceTree = "<group>"; };
		B5EFF0512AC05A560013A849 /* KbPopoverVC.swift */ = {isa = PBXFileReference; lastKnownFileType = sourcecode.swift; path = KbPopoverVC.swift; sourceTree = "<group>"; };
		CE948EBE2A2C9BCA00C889B6 /* NewConfigVC.swift */ = {isa = PBXFileReference; fileEncoding = 4; lastKnownFileType = sourcecode.swift; path = NewConfigVC.swift; sourceTree = "<group>"; };
		CE948EC02A2C9C4500C889B6 /* CloneConfigVC.swift */ = {isa = PBXFileReference; fileEncoding = 4; lastKnownFileType = sourcecode.swift; path = CloneConfigVC.swift; sourceTree = "<group>"; };
/* End PBXFileReference section */

/* Begin PBXFrameworksBuildPhase section */
		B5BBDB9A29A168490040FD71 /* Frameworks */ = {
			isa = PBXFrameworksBuildPhase;
			buildActionMask = 2147483647;
			files = (
			);
			runOnlyForDeploymentPostprocessing = 0;
		};
/* End PBXFrameworksBuildPhase section */

/* Begin PBXGroup section */
		B5BBDB9429A168490040FD71 = {
			isa = PBXGroup;
			children = (
				B5BBDBBC29A4380D0040FD71 /* Notes */,
				B5BBDB9F29A168490040FD71 /* SYM-Helper */,
				B5BBDB9E29A168490040FD71 /* Products */,
				B5BEAF622AC792E50088FD9E /* Frameworks */,
			);
			sourceTree = "<group>";
		};
		B5BBDB9E29A168490040FD71 /* Products */ = {
			isa = PBXGroup;
			children = (
				B5BBDB9D29A168490040FD71 /* SYM-Helper.app */,
			);
			name = Products;
			sourceTree = "<group>";
		};
		B5BBDB9F29A168490040FD71 /* SYM-Helper */ = {
			isa = PBXGroup;
			children = (
				B5BBDBB929A177040040FD71 /* Alert.swift */,
				B5BBDBA029A168490040FD71 /* AppDelegate.swift */,
				B54D66962A60016600998963 /* ClassicAPI.swift */,
				CE948EC02A2C9C4500C889B6 /* CloneConfigVC.swift */,
				B522EA922A4A2E62009F3110 /* ConfigsSettings.swift */,
				B5BBDBB329A1719D0040FD71 /* Credentials.swift */,
				B5BBDBB529A171BC0040FD71 /* Globals.swift */,
				B5EFF0512AC05A560013A849 /* KbPopoverVC.swift */,
				B59888F12A90F23B0031E72F /* LoginVC.swift */,
				CE948EBE2A2C9BCA00C889B6 /* NewConfigVC.swift */,
				B57069DA29D891950004C848 /* OtherItemVC.swift */,
				B568542C2A0004940004630D /* SettingsVC.swift */,
				B522EA942A4B2697009F3110 /* SYMScript.swift */,
				B5BBDBB729A1758C0040FD71 /* TokenDelegate.swift */,
				B5BBDBA229A168490040FD71 /* ViewController.swift */,
				B5BBDBAF29A171570040FD71 /* WriteToLog.swift */,
				B5BBDBA429A1684C0040FD71 /* Assets.xcassets */,
				B5BBDBA629A1684C0040FD71 /* Main.storyboard */,
				B5BBDBA929A1684C0040FD71 /* SYM_Helper.entitlements */,
			);
			path = "SYM-Helper";
			sourceTree = "<group>";
		};
		B5BEAF622AC792E50088FD9E /* Frameworks */ = {
			isa = PBXGroup;
			children = (
			);
			name = Frameworks;
			sourceTree = "<group>";
		};
/* End PBXGroup section */

/* Begin PBXNativeTarget section */
		B5BBDB9C29A168490040FD71 /* SYM-Helper */ = {
			isa = PBXNativeTarget;
			buildConfigurationList = B5BBDBAC29A1684C0040FD71 /* Build configuration list for PBXNativeTarget "SYM-Helper" */;
			buildPhases = (
				B5BBDB9929A168490040FD71 /* Sources */,
				B5BBDB9A29A168490040FD71 /* Frameworks */,
				B5BBDB9B29A168490040FD71 /* Resources */,
				B568542A29FD3F4B0004630D /* Run Build Number Script */,
			);
			buildRules = (
			);
			dependencies = (
			);
			name = "SYM-Helper";
			productName = "SYM-Helper";
			productReference = B5BBDB9D29A168490040FD71 /* SYM-Helper.app */;
			productType = "com.apple.product-type.application";
		};
/* End PBXNativeTarget section */

/* Begin PBXProject section */
		B5BBDB9529A168490040FD71 /* Project object */ = {
			isa = PBXProject;
			attributes = {
				BuildIndependentTargetsInParallel = 1;
				LastSwiftUpdateCheck = 1410;
				LastUpgradeCheck = 1410;
				TargetAttributes = {
					B5BBDB9C29A168490040FD71 = {
						CreatedOnToolsVersion = 14.1;
					};
				};
			};
			buildConfigurationList = B5BBDB9829A168490040FD71 /* Build configuration list for PBXProject "SYM-Helper" */;
			compatibilityVersion = "Xcode 14.0";
			developmentRegion = en;
			hasScannedForEncodings = 0;
			knownRegions = (
				en,
				Base,
			);
			mainGroup = B5BBDB9429A168490040FD71;
			productRefGroup = B5BBDB9E29A168490040FD71 /* Products */;
			projectDirPath = "";
			projectRoot = "";
			targets = (
				B5BBDB9C29A168490040FD71 /* SYM-Helper */,
			);
		};
/* End PBXProject section */

/* Begin PBXResourcesBuildPhase section */
		B5BBDB9B29A168490040FD71 /* Resources */ = {
			isa = PBXResourcesBuildPhase;
			buildActionMask = 2147483647;
			files = (
				B5BBDBA529A1684C0040FD71 /* Assets.xcassets in Resources */,
				B5BBDBA829A1684C0040FD71 /* Main.storyboard in Resources */,
			);
			runOnlyForDeploymentPostprocessing = 0;
		};
/* End PBXResourcesBuildPhase section */

/* Begin PBXShellScriptBuildPhase section */
		B568542A29FD3F4B0004630D /* Run Build Number Script */ = {
			isa = PBXShellScriptBuildPhase;
			alwaysOutOfDate = 1;
			buildActionMask = 2147483647;
			files = (
			);
			inputFileListPaths = (
			);
			inputPaths = (
			);
			name = "Run Build Number Script";
			outputFileListPaths = (
			);
			outputPaths = (
			);
			runOnlyForDeploymentPostprocessing = 0;
			shellPath = /bin/sh;
			shellScript = "newMajor=\"$(date -u +%Y%m%d)\"\ndate24H=$(date -u +%H%M)\ntmpMinor=$(printf \"%x\\n\" $(echo $date24H | sed 's/^0*//'))\nnewMinor=$(echo $tmpMinor | tr '[:lower:]' '[:upper:]')\nnewBuildNumber=\"$newMajor-$newMinor\"\n\n/usr/libexec/PlistBuddy -c \"Set :CFBundleVersion $newBuildNumber\" \"${BUILT_PRODUCTS_DIR}/${WRAPPER_NAME}/Contents/Info.plist\"\n\n## remove extended attributes (from added images)\n/usr/bin/xattr -cr \"${BUILT_PRODUCTS_DIR}/${WRAPPER_NAME}/Contents/Resources\"\n\n\n";
		};
/* End PBXShellScriptBuildPhase section */

/* Begin PBXSourcesBuildPhase section */
		B5BBDB9929A168490040FD71 /* Sources */ = {
			isa = PBXSourcesBuildPhase;
			buildActionMask = 2147483647;
			files = (
				B522EA932A4A2E62009F3110 /* ConfigsSettings.swift in Sources */,
				CE948EBF2A2C9BCA00C889B6 /* NewConfigVC.swift in Sources */,
				B57069DB29D891950004C848 /* OtherItemVC.swift in Sources */,
				B5BBDBA329A168490040FD71 /* ViewController.swift in Sources */,
				B522EA952A4B2697009F3110 /* SYMScript.swift in Sources */,
				B5BBDBB829A1758C0040FD71 /* TokenDelegate.swift in Sources */,
				B5BBDBB029A171570040FD71 /* WriteToLog.swift in Sources */,
				B568542D2A0004940004630D /* SettingsVC.swift in Sources */,
				CE948EC12A2C9C4500C889B6 /* CloneConfigVC.swift in Sources */,
				B5BBDBB629A171BC0040FD71 /* Globals.swift in Sources */,
				B59888F22A90F23B0031E72F /* LoginVC.swift in Sources */,
				B5BBDBB429A1719D0040FD71 /* Credentials.swift in Sources */,
				B54D66972A60016600998963 /* ClassicAPI.swift in Sources */,
				B5EFF0522AC05A560013A849 /* KbPopoverVC.swift in Sources */,
				B5BBDBBA29A177040040FD71 /* Alert.swift in Sources */,
				B5BBDBA129A168490040FD71 /* AppDelegate.swift in Sources */,
			);
			runOnlyForDeploymentPostprocessing = 0;
		};
/* End PBXSourcesBuildPhase section */

/* Begin PBXVariantGroup section */
		B5BBDBA629A1684C0040FD71 /* Main.storyboard */ = {
			isa = PBXVariantGroup;
			children = (
				B5BBDBA729A1684C0040FD71 /* Base */,
			);
			name = Main.storyboard;
			sourceTree = "<group>";
		};
/* End PBXVariantGroup section */

/* Begin XCBuildConfiguration section */
		B5BBDBAA29A1684C0040FD71 /* Debug */ = {
			isa = XCBuildConfiguration;
			buildSettings = {
				ALWAYS_SEARCH_USER_PATHS = NO;
				CLANG_ANALYZER_NONNULL = YES;
				CLANG_ANALYZER_NUMBER_OBJECT_CONVERSION = YES_AGGRESSIVE;
				CLANG_CXX_LANGUAGE_STANDARD = "gnu++20";
				CLANG_ENABLE_MODULES = YES;
				CLANG_ENABLE_OBJC_ARC = YES;
				CLANG_ENABLE_OBJC_WEAK = YES;
				CLANG_WARN_BLOCK_CAPTURE_AUTORELEASING = YES;
				CLANG_WARN_BOOL_CONVERSION = YES;
				CLANG_WARN_COMMA = YES;
				CLANG_WARN_CONSTANT_CONVERSION = YES;
				CLANG_WARN_DEPRECATED_OBJC_IMPLEMENTATIONS = YES;
				CLANG_WARN_DIRECT_OBJC_ISA_USAGE = YES_ERROR;
				CLANG_WARN_DOCUMENTATION_COMMENTS = YES;
				CLANG_WARN_EMPTY_BODY = YES;
				CLANG_WARN_ENUM_CONVERSION = YES;
				CLANG_WARN_INFINITE_RECURSION = YES;
				CLANG_WARN_INT_CONVERSION = YES;
				CLANG_WARN_NON_LITERAL_NULL_CONVERSION = YES;
				CLANG_WARN_OBJC_IMPLICIT_RETAIN_SELF = YES;
				CLANG_WARN_OBJC_LITERAL_CONVERSION = YES;
				CLANG_WARN_OBJC_ROOT_CLASS = YES_ERROR;
				CLANG_WARN_QUOTED_INCLUDE_IN_FRAMEWORK_HEADER = YES;
				CLANG_WARN_RANGE_LOOP_ANALYSIS = YES;
				CLANG_WARN_STRICT_PROTOTYPES = YES;
				CLANG_WARN_SUSPICIOUS_MOVE = YES;
				CLANG_WARN_UNGUARDED_AVAILABILITY = YES_AGGRESSIVE;
				CLANG_WARN_UNREACHABLE_CODE = YES;
				CLANG_WARN__DUPLICATE_METHOD_MATCH = YES;
				COPY_PHASE_STRIP = NO;
				DEBUG_INFORMATION_FORMAT = dwarf;
				ENABLE_STRICT_OBJC_MSGSEND = YES;
				ENABLE_TESTABILITY = YES;
				GCC_C_LANGUAGE_STANDARD = gnu11;
				GCC_DYNAMIC_NO_PIC = NO;
				GCC_NO_COMMON_BLOCKS = YES;
				GCC_OPTIMIZATION_LEVEL = 0;
				GCC_PREPROCESSOR_DEFINITIONS = (
					"DEBUG=1",
					"$(inherited)",
				);
				GCC_WARN_64_TO_32_BIT_CONVERSION = YES;
				GCC_WARN_ABOUT_RETURN_TYPE = YES_ERROR;
				GCC_WARN_UNDECLARED_SELECTOR = YES;
				GCC_WARN_UNINITIALIZED_AUTOS = YES_AGGRESSIVE;
				GCC_WARN_UNUSED_FUNCTION = YES;
				GCC_WARN_UNUSED_VARIABLE = YES;
				MACOSX_DEPLOYMENT_TARGET = 13.0;
				MTL_ENABLE_DEBUG_INFO = INCLUDE_SOURCE;
				MTL_FAST_MATH = YES;
				ONLY_ACTIVE_ARCH = YES;
				SDKROOT = macosx;
				SWIFT_ACTIVE_COMPILATION_CONDITIONS = DEBUG;
				SWIFT_OPTIMIZATION_LEVEL = "-Onone";
			};
			name = Debug;
		};
		B5BBDBAB29A1684C0040FD71 /* Release */ = {
			isa = XCBuildConfiguration;
			buildSettings = {
				ALWAYS_SEARCH_USER_PATHS = NO;
				CLANG_ANALYZER_NONNULL = YES;
				CLANG_ANALYZER_NUMBER_OBJECT_CONVERSION = YES_AGGRESSIVE;
				CLANG_CXX_LANGUAGE_STANDARD = "gnu++20";
				CLANG_ENABLE_MODULES = YES;
				CLANG_ENABLE_OBJC_ARC = YES;
				CLANG_ENABLE_OBJC_WEAK = YES;
				CLANG_WARN_BLOCK_CAPTURE_AUTORELEASING = YES;
				CLANG_WARN_BOOL_CONVERSION = YES;
				CLANG_WARN_COMMA = YES;
				CLANG_WARN_CONSTANT_CONVERSION = YES;
				CLANG_WARN_DEPRECATED_OBJC_IMPLEMENTATIONS = YES;
				CLANG_WARN_DIRECT_OBJC_ISA_USAGE = YES_ERROR;
				CLANG_WARN_DOCUMENTATION_COMMENTS = YES;
				CLANG_WARN_EMPTY_BODY = YES;
				CLANG_WARN_ENUM_CONVERSION = YES;
				CLANG_WARN_INFINITE_RECURSION = YES;
				CLANG_WARN_INT_CONVERSION = YES;
				CLANG_WARN_NON_LITERAL_NULL_CONVERSION = YES;
				CLANG_WARN_OBJC_IMPLICIT_RETAIN_SELF = YES;
				CLANG_WARN_OBJC_LITERAL_CONVERSION = YES;
				CLANG_WARN_OBJC_ROOT_CLASS = YES_ERROR;
				CLANG_WARN_QUOTED_INCLUDE_IN_FRAMEWORK_HEADER = YES;
				CLANG_WARN_RANGE_LOOP_ANALYSIS = YES;
				CLANG_WARN_STRICT_PROTOTYPES = YES;
				CLANG_WARN_SUSPICIOUS_MOVE = YES;
				CLANG_WARN_UNGUARDED_AVAILABILITY = YES_AGGRESSIVE;
				CLANG_WARN_UNREACHABLE_CODE = YES;
				CLANG_WARN__DUPLICATE_METHOD_MATCH = YES;
				COPY_PHASE_STRIP = NO;
				DEBUG_INFORMATION_FORMAT = "dwarf-with-dsym";
				ENABLE_NS_ASSERTIONS = NO;
				ENABLE_STRICT_OBJC_MSGSEND = YES;
				GCC_C_LANGUAGE_STANDARD = gnu11;
				GCC_NO_COMMON_BLOCKS = YES;
				GCC_WARN_64_TO_32_BIT_CONVERSION = YES;
				GCC_WARN_ABOUT_RETURN_TYPE = YES_ERROR;
				GCC_WARN_UNDECLARED_SELECTOR = YES;
				GCC_WARN_UNINITIALIZED_AUTOS = YES_AGGRESSIVE;
				GCC_WARN_UNUSED_FUNCTION = YES;
				GCC_WARN_UNUSED_VARIABLE = YES;
				MACOSX_DEPLOYMENT_TARGET = 13.0;
				MTL_ENABLE_DEBUG_INFO = NO;
				MTL_FAST_MATH = YES;
				SDKROOT = macosx;
				SWIFT_COMPILATION_MODE = wholemodule;
				SWIFT_OPTIMIZATION_LEVEL = "-O";
			};
			name = Release;
		};
		B5BBDBAD29A1684C0040FD71 /* Debug */ = {
			isa = XCBuildConfiguration;
			buildSettings = {
				ASSETCATALOG_COMPILER_APPICON_NAME = AppIcon;
				ASSETCATALOG_COMPILER_GLOBAL_ACCENT_COLOR_NAME = AccentColor;
				CODE_SIGN_ENTITLEMENTS = "SYM-Helper/SYM_Helper.entitlements";
				CODE_SIGN_STYLE = Automatic;
				COMBINE_HIDPI_IMAGES = YES;
				CURRENT_PROJECT_VERSION = 1;
				DEVELOPMENT_TEAM = PS2F6S478M;
				ENABLE_HARDENED_RUNTIME = YES;
				GENERATE_INFOPLIST_FILE = YES;
				INFOPLIST_KEY_LSApplicationCategoryType = "public.app-category.utilities";
				INFOPLIST_KEY_NSHumanReadableCopyright = "";
				INFOPLIST_KEY_NSMainStoryboardFile = Main;
				INFOPLIST_KEY_NSPrincipalClass = NSApplication;
				LD_RUNPATH_SEARCH_PATHS = (
					"$(inherited)",
					"@executable_path/../Frameworks",
				);
				MACOSX_DEPLOYMENT_TARGET = 13.0;
				MARKETING_VERSION = 1.3.0;
				PRODUCT_BUNDLE_IDENTIFIER = "jamf.ie.SYM-Helper";
				PRODUCT_NAME = "$(TARGET_NAME)";
				SWIFT_EMIT_LOC_STRINGS = YES;
				SWIFT_VERSION = 5.0;
			};
			name = Debug;
		};
		B5BBDBAE29A1684C0040FD71 /* Release */ = {
			isa = XCBuildConfiguration;
			buildSettings = {
				ASSETCATALOG_COMPILER_APPICON_NAME = AppIcon;
				ASSETCATALOG_COMPILER_GLOBAL_ACCENT_COLOR_NAME = AccentColor;
				CODE_SIGN_ENTITLEMENTS = "SYM-Helper/SYM_Helper.entitlements";
				CODE_SIGN_STYLE = Automatic;
				COMBINE_HIDPI_IMAGES = YES;
				CURRENT_PROJECT_VERSION = 1;
				DEVELOPMENT_TEAM = PS2F6S478M;
				ENABLE_HARDENED_RUNTIME = YES;
				GENERATE_INFOPLIST_FILE = YES;
				INFOPLIST_KEY_LSApplicationCategoryType = "public.app-category.utilities";
				INFOPLIST_KEY_NSHumanReadableCopyright = "";
				INFOPLIST_KEY_NSMainStoryboardFile = Main;
				INFOPLIST_KEY_NSPrincipalClass = NSApplication;
				LD_RUNPATH_SEARCH_PATHS = (
					"$(inherited)",
					"@executable_path/../Frameworks",
				);
				MACOSX_DEPLOYMENT_TARGET = 13.0;
				MARKETING_VERSION = 1.3.0;
				PRODUCT_BUNDLE_IDENTIFIER = "jamf.ie.SYM-Helper";
				PRODUCT_NAME = "$(TARGET_NAME)";
				SWIFT_EMIT_LOC_STRINGS = YES;
				SWIFT_VERSION = 5.0;
			};
			name = Release;
		};
/* End XCBuildConfiguration section */

/* Begin XCConfigurationList section */
		B5BBDB9829A168490040FD71 /* Build configuration list for PBXProject "SYM-Helper" */ = {
			isa = XCConfigurationList;
			buildConfigurations = (
				B5BBDBAA29A1684C0040FD71 /* Debug */,
				B5BBDBAB29A1684C0040FD71 /* Release */,
			);
			defaultConfigurationIsVisible = 0;
			defaultConfigurationName = Release;
		};
		B5BBDBAC29A1684C0040FD71 /* Build configuration list for PBXNativeTarget "SYM-Helper" */ = {
			isa = XCConfigurationList;
			buildConfigurations = (
				B5BBDBAD29A1684C0040FD71 /* Debug */,
				B5BBDBAE29A1684C0040FD71 /* Release */,
			);
			defaultConfigurationIsVisible = 0;
			defaultConfigurationName = Release;
		};
/* End XCConfigurationList section */
	};
	rootObject = B5BBDB9529A168490040FD71 /* Project object */;
}
